<?xml version="1.0" encoding="utf-8"?>
<Project ToolsVersion="4.0" xmlns="http://schemas.microsoft.com/developer/msbuild/2003">
  <ItemGroup>
    <Filter Include="ソース ファイル">
      <UniqueIdentifier>{4FC737F1-C7A5-4376-A066-2A32D752A2FF}</UniqueIdentifier>
      <Extensions>cpp;c;cc;cxx;def;odl;idl;hpj;bat;asm;asmx</Extensions>
    </Filter>
    <Filter Include="ヘッダー ファイル">
      <UniqueIdentifier>{93995380-89BD-4b04-88EB-625FBE52EBFB}</UniqueIdentifier>
      <Extensions>h;hpp;hxx;hm;inl;inc;xsd</Extensions>
    </Filter>
    <Filter Include="リソース ファイル">
      <UniqueIdentifier>{67DA6AB6-F800-4c08-8B7A-83BB121AAD01}</UniqueIdentifier>
      <Extensions>rc;ico;cur;bmp;dlg;rc2;rct;bin;rgs;gif;jpg;jpeg;jpe;resx;tiff;tif;png;wav;mfcribbon-ms</Extensions>
    </Filter>
  </ItemGroup>
  <ItemGroup>
    <ClInclude Include="upx-3.91-src\src\bele_policy.h">
      <Filter>ヘッダー ファイル</Filter>
    </ClInclude>
    <ClInclude Include="upx-3.91-src\src\bele.h">
      <Filter>ヘッダー ファイル</Filter>
    </ClInclude>
    <ClInclude Include="upx-3.91-src\src\bptr.h">
      <Filter>ヘッダー ファイル</Filter>
    </ClInclude>
    <ClInclude Include="upx-3.91-src\src\compress.h">
      <Filter>ヘッダー ファイル</Filter>
    </ClInclude>
    <ClInclude Include="upx-3.91-src\src\conf.h">
      <Filter>ヘッダー ファイル</Filter>
    </ClInclude>
    <ClInclude Include="upx-3.91-src\src\console.h">
      <Filter>ヘッダー ファイル</Filter>
    </ClInclude>
    <ClInclude Include="upx-3.91-src\src\except.h">
      <Filter>ヘッダー ファイル</Filter>
    </ClInclude>
    <ClInclude Include="upx-3.91-src\src\file.h">
      <Filter>ヘッダー ファイル</Filter>
    </ClInclude>
    <ClInclude Include="upx-3.91-src\src\filter.h">
      <Filter>ヘッダー ファイル</Filter>
    </ClInclude>
    <ClInclude Include="upx-3.91-src\src\lefile.h">
      <Filter>ヘッダー ファイル</Filter>
    </ClInclude>
    <ClInclude Include="upx-3.91-src\src\linker.h">
      <Filter>ヘッダー ファイル</Filter>
    </ClInclude>
    <ClInclude Include="upx-3.91-src\src\mem.h">
      <Filter>ヘッダー ファイル</Filter>
    </ClInclude>
    <ClInclude Include="upx-3.91-src\src\miniacc.h">
      <Filter>ヘッダー ファイル</Filter>
    </ClInclude>
    <ClInclude Include="upx-3.91-src\src\options.h">
      <Filter>ヘッダー ファイル</Filter>
    </ClInclude>
    <ClInclude Include="upx-3.91-src\src\p_armpe.h">
      <Filter>ヘッダー ファイル</Filter>
    </ClInclude>
    <ClInclude Include="upx-3.91-src\src\p_com.h">
      <Filter>ヘッダー ファイル</Filter>
    </ClInclude>
    <ClInclude Include="upx-3.91-src\src\p_djgpp2.h">
      <Filter>ヘッダー ファイル</Filter>
    </ClInclude>
    <ClInclude Include="upx-3.91-src\src\p_elf.h">
      <Filter>ヘッダー ファイル</Filter>
    </ClInclude>
    <ClInclude Include="upx-3.91-src\src\p_elf_enum.h">
      <Filter>ヘッダー ファイル</Filter>
    </ClInclude>
    <ClInclude Include="upx-3.91-src\src\p_exe.h">
      <Filter>ヘッダー ファイル</Filter>
    </ClInclude>
    <ClInclude Include="upx-3.91-src\src\p_lx_elf.h">
      <Filter>ヘッダー ファイル</Filter>
    </ClInclude>
    <ClInclude Include="upx-3.91-src\src\p_lx_exc.h">
      <Filter>ヘッダー ファイル</Filter>
    </ClInclude>
    <ClInclude Include="upx-3.91-src\src\p_lx_interp.h">
      <Filter>ヘッダー ファイル</Filter>
    </ClInclude>
    <ClInclude Include="upx-3.91-src\src\p_lx_sh.h">
      <Filter>ヘッダー ファイル</Filter>
    </ClInclude>
    <ClInclude Include="upx-3.91-src\src\p_mach.h">
      <Filter>ヘッダー ファイル</Filter>
    </ClInclude>
    <ClInclude Include="upx-3.91-src\src\p_mach_enum.h">
      <Filter>ヘッダー ファイル</Filter>
    </ClInclude>
    <ClInclude Include="upx-3.91-src\src\p_ps1.h">
      <Filter>ヘッダー ファイル</Filter>
    </ClInclude>
    <ClInclude Include="upx-3.91-src\src\p_sys.h">
      <Filter>ヘッダー ファイル</Filter>
    </ClInclude>
    <ClInclude Include="upx-3.91-src\src\p_tmt.h">
      <Filter>ヘッダー ファイル</Filter>
    </ClInclude>
    <ClInclude Include="upx-3.91-src\src\p_tos.h">
      <Filter>ヘッダー ファイル</Filter>
    </ClInclude>
    <ClInclude Include="upx-3.91-src\src\p_unix.h">
      <Filter>ヘッダー ファイル</Filter>
    </ClInclude>
    <ClInclude Include="upx-3.91-src\src\p_vmlinx.h">
      <Filter>ヘッダー ファイル</Filter>
    </ClInclude>
    <ClInclude Include="upx-3.91-src\src\p_vmlinz.h">
      <Filter>ヘッダー ファイル</Filter>
    </ClInclude>
    <ClInclude Include="upx-3.91-src\src\p_vxd.h">
      <Filter>ヘッダー ファイル</Filter>
    </ClInclude>
    <ClInclude Include="upx-3.91-src\src\p_w16ne.h">
      <Filter>ヘッダー ファイル</Filter>
    </ClInclude>
    <ClInclude Include="upx-3.91-src\src\p_w32pe.h">
      <Filter>ヘッダー ファイル</Filter>
    </ClInclude>
    <ClInclude Include="upx-3.91-src\src\p_w64pep.h">
      <Filter>ヘッダー ファイル</Filter>
    </ClInclude>
    <ClInclude Include="upx-3.91-src\src\p_wcle.h">
      <Filter>ヘッダー ファイル</Filter>
    </ClInclude>
    <ClInclude Include="upx-3.91-src\src\packer.h">
      <Filter>ヘッダー ファイル</Filter>
    </ClInclude>
    <ClInclude Include="upx-3.91-src\src\packmast.h">
      <Filter>ヘッダー ファイル</Filter>
    </ClInclude>
    <ClInclude Include="upx-3.91-src\src\pefile.h">
      <Filter>ヘッダー ファイル</Filter>
    </ClInclude>
    <ClInclude Include="upx-3.91-src\src\pepfile.h">
      <Filter>ヘッダー ファイル</Filter>
    </ClInclude>
    <ClInclude Include="upx-3.91-src\src\screen.h">
      <Filter>ヘッダー ファイル</Filter>
    </ClInclude>
    <ClInclude Include="upx-3.91-src\src\snprintf.h">
      <Filter>ヘッダー ファイル</Filter>
    </ClInclude>
    <ClInclude Include="upx-3.91-src\src\stdcxx.h">
      <Filter>ヘッダー ファイル</Filter>
    </ClInclude>
    <ClInclude Include="upx-3.91-src\src\version.h">
      <Filter>ヘッダー ファイル</Filter>
    </ClInclude>
  </ItemGroup>
  <ItemGroup>
    <ClCompile Include="upx-3.91-src\src\c_file.cpp">
      <Filter>ソース ファイル</Filter>
    </ClCompile>
    <ClCompile Include="upx-3.91-src\src\c_init.cpp">
      <Filter>ソース ファイル</Filter>
    </ClCompile>
    <ClCompile Include="upx-3.91-src\src\c_none.cpp">
      <Filter>ソース ファイル</Filter>
    </ClCompile>
    <ClCompile Include="upx-3.91-src\src\c_screen.cpp">
      <Filter>ソース ファイル</Filter>
    </ClCompile>
    <ClCompile Include="upx-3.91-src\src\compress.cpp">
      <Filter>ソース ファイル</Filter>
    </ClCompile>
    <ClCompile Include="upx-3.91-src\src\compress_lzma.cpp">
      <Filter>ソース ファイル</Filter>
    </ClCompile>
    <ClCompile Include="upx-3.91-src\src\compress_ucl.cpp">
      <Filter>ソース ファイル</Filter>
    </ClCompile>
    <ClCompile Include="upx-3.91-src\src\compress_zlib.cpp">
      <Filter>ソース ファイル</Filter>
    </ClCompile>
    <ClCompile Include="upx-3.91-src\src\except.cpp">
      <Filter>ソース ファイル</Filter>
    </ClCompile>
    <ClCompile Include="upx-3.91-src\src\file.cpp">
      <Filter>ソース ファイル</Filter>
    </ClCompile>
    <ClCompile Include="upx-3.91-src\src\filter.cpp">
      <Filter>ソース ファイル</Filter>
    </ClCompile>
    <ClCompile Include="upx-3.91-src\src\filteri.cpp">
      <Filter>ソース ファイル</Filter>
    </ClCompile>
    <ClCompile Include="upx-3.91-src\src\help.cpp">
      <Filter>ソース ファイル</Filter>
    </ClCompile>
    <ClCompile Include="upx-3.91-src\src\lefile.cpp">
      <Filter>ソース ファイル</Filter>
    </ClCompile>
    <ClCompile Include="upx-3.91-src\src\linker.cpp">
      <Filter>ソース ファイル</Filter>
    </ClCompile>
    <ClCompile Include="upx-3.91-src\src\main.cpp">
      <Filter>ソース ファイル</Filter>
    </ClCompile>
    <ClCompile Include="upx-3.91-src\src\mem.cpp">
      <Filter>ソース ファイル</Filter>
    </ClCompile>
    <ClCompile Include="upx-3.91-src\src\msg.cpp">
      <Filter>ソース ファイル</Filter>
    </ClCompile>
    <ClCompile Include="upx-3.91-src\src\p_armpe.cpp">
      <Filter>ソース ファイル</Filter>
    </ClCompile>
    <ClCompile Include="upx-3.91-src\src\p_com.cpp">
      <Filter>ソース ファイル</Filter>
    </ClCompile>
    <ClCompile Include="upx-3.91-src\src\p_djgpp2.cpp">
      <Filter>ソース ファイル</Filter>
    </ClCompile>
    <ClCompile Include="upx-3.91-src\src\p_elks.cpp">
      <Filter>ソース ファイル</Filter>
    </ClCompile>
    <ClCompile Include="upx-3.91-src\src\p_exe.cpp">
      <Filter>ソース ファイル</Filter>
    </ClCompile>
    <ClCompile Include="upx-3.91-src\src\p_lx_elf.cpp">
      <Filter>ソース ファイル</Filter>
    </ClCompile>
    <ClCompile Include="upx-3.91-src\src\p_lx_exc.cpp">
      <Filter>ソース ファイル</Filter>
    </ClCompile>
    <ClCompile Include="upx-3.91-src\src\p_lx_interp.cpp">
      <Filter>ソース ファイル</Filter>
    </ClCompile>
    <ClCompile Include="upx-3.91-src\src\p_lx_sh.cpp">
      <Filter>ソース ファイル</Filter>
    </ClCompile>
    <ClCompile Include="upx-3.91-src\src\p_mach.cpp">
      <Filter>ソース ファイル</Filter>
    </ClCompile>
    <ClCompile Include="upx-3.91-src\src\p_ps1.cpp">
      <Filter>ソース ファイル</Filter>
    </ClCompile>
    <ClCompile Include="upx-3.91-src\src\p_sys.cpp">
      <Filter>ソース ファイル</Filter>
    </ClCompile>
    <ClCompile Include="upx-3.91-src\src\p_tmt.cpp">
      <Filter>ソース ファイル</Filter>
    </ClCompile>
    <ClCompile Include="upx-3.91-src\src\p_tos.cpp">
      <Filter>ソース ファイル</Filter>
    </ClCompile>
    <ClCompile Include="upx-3.91-src\src\p_unix.cpp">
      <Filter>ソース ファイル</Filter>
    </ClCompile>
    <ClCompile Include="upx-3.91-src\src\p_vmlinx.cpp">
      <Filter>ソース ファイル</Filter>
    </ClCompile>
    <ClCompile Include="upx-3.91-src\src\p_vmlinz.cpp">
      <Filter>ソース ファイル</Filter>
    </ClCompile>
    <ClCompile Include="upx-3.91-src\src\p_w16ne.cpp">
      <Filter>ソース ファイル</Filter>
    </ClCompile>
    <ClCompile Include="upx-3.91-src\src\p_w32pe.cpp">
      <Filter>ソース ファイル</Filter>
    </ClCompile>
    <ClCompile Include="upx-3.91-src\src\p_w64pep.cpp">
      <Filter>ソース ファイル</Filter>
    </ClCompile>
    <ClCompile Include="upx-3.91-src\src\p_wcle.cpp">
      <Filter>ソース ファイル</Filter>
    </ClCompile>
    <ClCompile Include="upx-3.91-src\src\packer.cpp">
      <Filter>ソース ファイル</Filter>
    </ClCompile>
    <ClCompile Include="upx-3.91-src\src\packer_c.cpp">
      <Filter>ソース ファイル</Filter>
    </ClCompile>
    <ClCompile Include="upx-3.91-src\src\packer_f.cpp">
      <Filter>ソース ファイル</Filter>
    </ClCompile>
    <ClCompile Include="upx-3.91-src\src\packhead.cpp">
      <Filter>ソース ファイル</Filter>
    </ClCompile>
    <ClCompile Include="upx-3.91-src\src\packmast.cpp">
      <Filter>ソース ファイル</Filter>
    </ClCompile>
    <ClCompile Include="upx-3.91-src\src\pefile.cpp">
      <Filter>ソース ファイル</Filter>
    </ClCompile>
    <ClCompile Include="upx-3.91-src\src\pepfile.cpp">
      <Filter>ソース ファイル</Filter>
    </ClCompile>
    <ClCompile Include="upx-3.91-src\src\s_djgpp2.cpp">
      <Filter>ソース ファイル</Filter>
    </ClCompile>
    <ClCompile Include="upx-3.91-src\src\s_object.cpp">
      <Filter>ソース ファイル</Filter>
    </ClCompile>
    <ClCompile Include="upx-3.91-src\src\s_vcsa.cpp">
      <Filter>ソース ファイル</Filter>
    </ClCompile>
    <ClCompile Include="upx-3.91-src\src\s_win32.cpp">
      <Filter>ソース ファイル</Filter>
    </ClCompile>
    <ClCompile Include="upx-3.91-src\src\snprintf.cpp">
      <Filter>ソース ファイル</Filter>
    </ClCompile>
    <ClCompile Include="upx-3.91-src\src\stdcxx.cpp">
      <Filter>ソース ファイル</Filter>
    </ClCompile>
    <ClCompile Include="upx-3.91-src\src\ui.cpp">
      <Filter>ソース ファイル</Filter>
    </ClCompile>
    <ClCompile Include="upx-3.91-src\src\util.cpp">
      <Filter>ソース ファイル</Filter>
    </ClCompile>
    <ClCompile Include="upx-3.91-src\src\work.cpp">
      <Filter>ソース ファイル</Filter>
    </ClCompile>
  </ItemGroup>
  <ItemGroup>
    <None Include="upx-3.91-src\src\Makefile">
      <Filter>ソース ファイル</Filter>
    </None>
  </ItemGroup>
  <ItemGroup>
    <Library Include="ucl-1.03\ucl.lib">
      <Filter>リソース ファイル</Filter>
    </Library>
    <Library Include="zlib128-dll\lib\zdll.lib">
      <Filter>リソース ファイル</Filter>
    </Library>
    <Library Include="lzma\C\Util\LzmaLib\O\LZMA.lib">
      <Filter>リソース ファイル</Filter>
    </Library>
  </ItemGroup>
</Project>